
Microsoft Visual Studio Solution File, Format Version 12.00
# Visual Studio Version 17
VisualStudioVersion = 17.5.33516.290
MinimumVisualStudioVersion = 10.0.40219.1
Project("{9A19103F-16F7-4668-BE54-9A1E7A4F7556}") = "Subscriber", "Subscriber.csproj", "{AD56B0BF-B789-4388-A25B-FB38DCA8FFC6}"
EndProject
Global
	GlobalSection(SolutionConfigurationPlatforms) = preSolution
		Debug|Any CPU = Debug|Any CPU
		Release|Any CPU = Release|Any CPU
	EndGlobalSection
	GlobalSection(ProjectConfigurationPlatforms) = postSolution
		{AD56B0BF-B789-4388-A25B-FB38DCA8FFC6}.Debug|Any CPU.ActiveCfg = Debug|Any CPU
		{AD56B0BF-B789-4388-A25B-FB38DCA8FFC6}.Debug|Any CPU.Build.0 = Debug|Any CPU
		{AD56B0BF-B789-4388-A25B-FB38DCA8FFC6}.Release|Any CPU.ActiveCfg = Release|Any CPU
		{AD56B0BF-B789-4388-A25B-FB38DCA8FFC6}.Release|Any CPU.Build.0 = Release|Any CPU
	EndGlobalSection
	GlobalSection(SolutionProperties) = preSolution
		HideSolutionNode = FALSE
	EndGlobalSection
	GlobalSection(ExtensibilityGlobals) = postSolution
		SolutionGuid = {50E39C5C-53BE-4F32-A363-FC7F0597DD29}
	EndGlobalSection
EndGlobal
