
Microsoft Visual Studio Solution File, Format Version 12.00
# Visual Studio Version 17
VisualStudioVersion = 17.5.33516.290
MinimumVisualStudioVersion = 10.0.40219.1
Project("{FAE04EC0-301F-11D3-BF4B-00C04F79EFBC}") = "Messages", "Messages.csproj", "{918687C6-62C5-41BB-A824-3F0F380C606E}"
EndProject
Global
	GlobalSection(SolutionConfigurationPlatforms) = preSolution
		Debug|Any CPU = Debug|Any CPU
		Release|Any CPU = Release|Any CPU
	EndGlobalSection
	GlobalSection(ProjectConfigurationPlatforms) = postSolution
		{918687C6-62C5-41BB-A824-3F0F380C606E}.Debug|Any CPU.ActiveCfg = Debug|Any CPU
		{918687C6-62C5-41BB-A824-3F0F380C606E}.Debug|Any CPU.Build.0 = Debug|Any CPU
		{918687C6-62C5-41BB-A824-3F0F380C606E}.Release|Any CPU.ActiveCfg = Release|Any CPU
		{918687C6-62C5-41BB-A824-3F0F380C606E}.Release|Any CPU.Build.0 = Release|Any CPU
	EndGlobalSection
	GlobalSection(SolutionProperties) = preSolution
		HideSolutionNode = FALSE
	EndGlobalSection
	GlobalSection(ExtensibilityGlobals) = postSolution
		SolutionGuid = {3BF12794-EC7F-49EE-8947-094DBDB5BF80}
	EndGlobalSection
EndGlobal
